// !$*UTF8*$!
{
	archiveVersion = 1;
	classes = {
	};
	objectVersion = 56;
	objects = {

/* Begin PBXBuildFile section */
		EC3C06422AC79F15006651FE /* BarcodeScannerApp.swift in Sources */ = {isa = PBXBuildFile; fileRef = EC3C06412AC79F15006651FE /* BarcodeScannerApp.swift */; };
		EC3C06442AC79F15006651FE /* BarcodeScannerView.swift in Sources */ = {isa = PBXBuildFile; fileRef = EC3C06432AC79F15006651FE /* BarcodeScannerView.swift */; };
		EC3C06462AC79F1B006651FE /* Assets.xcassets in Resources */ = {isa = PBXBuildFile; fileRef = EC3C06452AC79F1B006651FE /* Assets.xcassets */; };
		EC3C06492AC79F1B006651FE /* Preview Assets.xcassets in Resources */ = {isa = PBXBuildFile; fileRef = EC3C06482AC79F1B006651FE /* Preview Assets.xcassets */; };
		EC9D1CDC2AC910CA00AB26CD /* ScannerVC.swift in Sources */ = {isa = PBXBuildFile; fileRef = EC9D1CDB2AC910CA00AB26CD /* ScannerVC.swift */; };
		EC9D1CDE2AC918B100AB26CD /* ScannerView.swift in Sources */ = {isa = PBXBuildFile; fileRef = EC9D1CDD2AC918B100AB26CD /* ScannerView.swift */; };
		EC9D1CE02AC96EA000AB26CD /* Alert.swift in Sources */ = {isa = PBXBuildFile; fileRef = EC9D1CDF2AC96EA000AB26CD /* Alert.swift */; };
		EC9D1CE22AC96EF800AB26CD /* BarcodeScannerViewModel.swift in Sources */ = {isa = PBXBuildFile; fileRef = EC9D1CE12AC96EF800AB26CD /* BarcodeScannerViewModel.swift */; };
/* End PBXBuildFile section */

/* Begin PBXFileReference section */
		EC3C063E2AC79F15006651FE /* BarcodeScanner.app */ = {isa = PBXFileReference; explicitFileType = wrapper.application; includeInIndex = 0; path = BarcodeScanner.app; sourceTree = BUILT_PRODUCTS_DIR; };
		EC3C06412AC79F15006651FE /* BarcodeScannerApp.swift */ = {isa = PBXFileReference; lastKnownFileType = sourcecode.swift; path = BarcodeScannerApp.swift; sourceTree = "<group>"; };
		EC3C06432AC79F15006651FE /* BarcodeScannerView.swift */ = {isa = PBXFileReference; lastKnownFileType = sourcecode.swift; path = BarcodeScannerView.swift; sourceTree = "<group>"; };
		EC3C06452AC79F1B006651FE /* Assets.xcassets */ = {isa = PBXFileReference; lastKnownFileType = folder.assetcatalog; path = Assets.xcassets; sourceTree = "<group>"; };
		EC3C06482AC79F1B006651FE /* Preview Assets.xcassets */ = {isa = PBXFileReference; lastKnownFileType = folder.assetcatalog; path = "Preview Assets.xcassets"; sourceTree = "<group>"; };
		EC9D1CDB2AC910CA00AB26CD /* ScannerVC.swift */ = {isa = PBXFileReference; lastKnownFileType = sourcecode.swift; path = ScannerVC.swift; sourceTree = "<group>"; };
		EC9D1CDD2AC918B100AB26CD /* ScannerView.swift */ = {isa = PBXFileReference; lastKnownFileType = sourcecode.swift; path = ScannerView.swift; sourceTree = "<group>"; };
		EC9D1CDF2AC96EA000AB26CD /* Alert.swift */ = {isa = PBXFileReference; lastKnownFileType = sourcecode.swift; path = Alert.swift; sourceTree = "<group>"; };
		EC9D1CE12AC96EF800AB26CD /* BarcodeScannerViewModel.swift */ = {isa = PBXFileReference; lastKnownFileType = sourcecode.swift; path = BarcodeScannerViewModel.swift; sourceTree = "<group>"; };
/* End PBXFileReference section */

/* Begin PBXFrameworksBuildPhase section */
		EC3C063B2AC79F15006651FE /* Frameworks */ = {
			isa = PBXFrameworksBuildPhase;
			buildActionMask = 2147483647;
			files = (
			);
			runOnlyForDeploymentPostprocessing = 0;
		};
/* End PBXFrameworksBuildPhase section */

/* Begin PBXGroup section */
		EC3C06352AC79F15006651FE = {
			isa = PBXGroup;
			children = (
				EC3C06402AC79F15006651FE /* BarcodeScanner */,
				EC3C063F2AC79F15006651FE /* Products */,
			);
			sourceTree = "<group>";
		};
		EC3C063F2AC79F15006651FE /* Products */ = {
			isa = PBXGroup;
			children = (
				EC3C063E2AC79F15006651FE /* BarcodeScanner.app */,
			);
			name = Products;
			sourceTree = "<group>";
		};
		EC3C06402AC79F15006651FE /* BarcodeScanner */ = {
			isa = PBXGroup;
			children = (
				EC3C06412AC79F15006651FE /* BarcodeScannerApp.swift */,
				EC3C06452AC79F1B006651FE /* Assets.xcassets */,
				EC9D1CE62AC9720400AB26CD /* Views */,
				EC9D1CE52AC971D800AB26CD /* Screens */,
				EC9D1CE82AC9724400AB26CD /* Utilities */,
				EC3C06472AC79F1B006651FE /* Preview Content */,
			);
			path = BarcodeScanner;
			sourceTree = "<group>";
		};
		EC3C06472AC79F1B006651FE /* Preview Content */ = {
			isa = PBXGroup;
			children = (
				EC3C06482AC79F1B006651FE /* Preview Assets.xcassets */,
			);
			path = "Preview Content";
			sourceTree = "<group>";
		};
		EC9D1CE42AC9719A00AB26CD /* BarcodeScanner */ = {
			isa = PBXGroup;
			children = (
				EC3C06432AC79F15006651FE /* BarcodeScannerView.swift */,
				EC9D1CE12AC96EF800AB26CD /* BarcodeScannerViewModel.swift */,
			);
			path = BarcodeScanner;
			sourceTree = "<group>";
		};
		EC9D1CE52AC971D800AB26CD /* Screens */ = {
			isa = PBXGroup;
			children = (
				EC9D1CE42AC9719A00AB26CD /* BarcodeScanner */,
			);
			path = Screens;
			sourceTree = "<group>";
		};
		EC9D1CE62AC9720400AB26CD /* Views */ = {
			isa = PBXGroup;
			children = (
				EC9D1CE72AC9720C00AB26CD /* UIKit Components */,
			);
			path = Views;
			sourceTree = "<group>";
		};
		EC9D1CE72AC9720C00AB26CD /* UIKit Components */ = {
			isa = PBXGroup;
			children = (
				EC9D1CDD2AC918B100AB26CD /* ScannerView.swift */,
				EC9D1CDB2AC910CA00AB26CD /* ScannerVC.swift */,
			);
			path = "UIKit Components";
			sourceTree = "<group>";
		};
		EC9D1CE82AC9724400AB26CD /* Utilities */ = {
			isa = PBXGroup;
			children = (
				EC9D1CDF2AC96EA000AB26CD /* Alert.swift */,
			);
			path = Utilities;
			sourceTree = "<group>";
		};
/* End PBXGroup section */

/* Begin PBXNativeTarget section */
		EC3C063D2AC79F15006651FE /* BarcodeScanner */ = {
			isa = PBXNativeTarget;
			buildConfigurationList = EC3C064C2AC79F1B006651FE /* Build configuration list for PBXNativeTarget "BarcodeScanner" */;
			buildPhases = (
				EC3C063A2AC79F15006651FE /* Sources */,
				EC3C063B2AC79F15006651FE /* Frameworks */,
				EC3C063C2AC79F15006651FE /* Resources */,
			);
			buildRules = (
			);
			dependencies = (
			);
			name = BarcodeScanner;
			productName = BarcodeScanner;
			productReference = EC3C063E2AC79F15006651FE /* BarcodeScanner.app */;
			productType = "com.apple.product-type.application";
		};
/* End PBXNativeTarget section */

/* Begin PBXProject section */
		EC3C06362AC79F15006651FE /* Project object */ = {
			isa = PBXProject;
			attributes = {
				BuildIndependentTargetsInParallel = 1;
				LastSwiftUpdateCheck = 1500;
				LastUpgradeCheck = 1500;
				TargetAttributes = {
					EC3C063D2AC79F15006651FE = {
						CreatedOnToolsVersion = 15.0;
					};
				};
			};
			buildConfigurationList = EC3C06392AC79F15006651FE /* Build configuration list for PBXProject "BarcodeScanner" */;
			compatibilityVersion = "Xcode 14.0";
			developmentRegion = en;
			hasScannedForEncodings = 0;
			knownRegions = (
				en,
				Base,
			);
			mainGroup = EC3C06352AC79F15006651FE;
			productRefGroup = EC3C063F2AC79F15006651FE /* Products */;
			projectDirPath = "";
			projectRoot = "";
			targets = (
				EC3C063D2AC79F15006651FE /* BarcodeScanner */,
			);
		};
/* End PBXProject section */

/* Begin PBXResourcesBuildPhase section */
		EC3C063C2AC79F15006651FE /* Resources */ = {
			isa = PBXResourcesBuildPhase;
			buildActionMask = 2147483647;
			files = (
				EC3C06492AC79F1B006651FE /* Preview Assets.xcassets in Resources */,
				EC3C06462AC79F1B006651FE /* Assets.xcassets in Resources */,
			);
			runOnlyForDeploymentPostprocessing = 0;
		};
/* End PBXResourcesBuildPhase section */

/* Begin PBXSourcesBuildPhase section */
		EC3C063A2AC79F15006651FE /* Sources */ = {
			isa = PBXSourcesBuildPhase;
			buildActionMask = 2147483647;
			files = (
				EC9D1CE22AC96EF800AB26CD /* BarcodeScannerViewModel.swift in Sources */,
				EC9D1CDC2AC910CA00AB26CD /* ScannerVC.swift in Sources */,
				EC9D1CDE2AC918B100AB26CD /* ScannerView.swift in Sources */,
				EC3C06442AC79F15006651FE /* BarcodeScannerView.swift in Sources */,
				EC9D1CE02AC96EA000AB26CD /* Alert.swift in Sources */,
				EC3C06422AC79F15006651FE /* BarcodeScannerApp.swift in Sources */,
			);
			runOnlyForDeploymentPostprocessing = 0;
		};
/* End PBXSourcesBuildPhase section */

/* Begin XCBuildConfiguration section */
		EC3C064A2AC79F1B006651FE /* Debug */ = {
			isa = XCBuildConfiguration;
			buildSettings = {
				ALWAYS_SEARCH_USER_PATHS = NO;
				ASSETCATALOG_COMPILER_GENERATE_SWIFT_ASSET_SYMBOL_EXTENSIONS = YES;
				CLANG_ANALYZER_NONNULL = YES;
				CLANG_ANALYZER_NUMBER_OBJECT_CONVERSION = YES_AGGRESSIVE;
				CLANG_CXX_LANGUAGE_STANDARD = "gnu++20";
				CLANG_ENABLE_MODULES = YES;
				CLANG_ENABLE_OBJC_ARC = YES;
				CLANG_ENABLE_OBJC_WEAK = YES;
				CLANG_WARN_BLOCK_CAPTURE_AUTORELEASING = YES;
				CLANG_WARN_BOOL_CONVERSION = YES;
				CLANG_WARN_COMMA = YES;
				CLANG_WARN_CONSTANT_CONVERSION = YES;
				CLANG_WARN_DEPRECATED_OBJC_IMPLEMENTATIONS = YES;
				CLANG_WARN_DIRECT_OBJC_ISA_USAGE = YES_ERROR;
				CLANG_WARN_DOCUMENTATION_COMMENTS = YES;
				CLANG_WARN_EMPTY_BODY = YES;
				CLANG_WARN_ENUM_CONVERSION = YES;
				CLANG_WARN_INFINITE_RECURSION = YES;
				CLANG_WARN_INT_CONVERSION = YES;
				CLANG_WARN_NON_LITERAL_NULL_CONVERSION = YES;
				CLANG_WARN_OBJC_IMPLICIT_RETAIN_SELF = YES;
				CLANG_WARN_OBJC_LITERAL_CONVERSION = YES;
				CLANG_WARN_OBJC_ROOT_CLASS = YES_ERROR;
				CLANG_WARN_QUOTED_INCLUDE_IN_FRAMEWORK_HEADER = YES;
				CLANG_WARN_RANGE_LOOP_ANALYSIS = YES;
				CLANG_WARN_STRICT_PROTOTYPES = YES;
				CLANG_WARN_SUSPICIOUS_MOVE = YES;
				CLANG_WARN_UNGUARDED_AVAILABILITY = YES_AGGRESSIVE;
				CLANG_WARN_UNREACHABLE_CODE = YES;
				CLANG_WARN__DUPLICATE_METHOD_MATCH = YES;
				COPY_PHASE_STRIP = NO;
				DEBUG_INFORMATION_FORMAT = dwarf;
				ENABLE_STRICT_OBJC_MSGSEND = YES;
				ENABLE_TESTABILITY = YES;
				ENABLE_USER_SCRIPT_SANDBOXING = YES;
				GCC_C_LANGUAGE_STANDARD = gnu17;
				GCC_DYNAMIC_NO_PIC = NO;
				GCC_NO_COMMON_BLOCKS = YES;
				GCC_OPTIMIZATION_LEVEL = 0;
				GCC_PREPROCESSOR_DEFINITIONS = (
					"DEBUG=1",
					"$(inherited)",
				);
				GCC_WARN_64_TO_32_BIT_CONVERSION = YES;
				GCC_WARN_ABOUT_RETURN_TYPE = YES_ERROR;
				GCC_WARN_UNDECLARED_SELECTOR = YES;
				GCC_WARN_UNINITIALIZED_AUTOS = YES_AGGRESSIVE;
				GCC_WARN_UNUSED_FUNCTION = YES;
				GCC_WARN_UNUSED_VARIABLE = YES;
				IPHONEOS_DEPLOYMENT_TARGET = 17.0;
				LOCALIZATION_PREFERS_STRING_CATALOGS = YES;
				MTL_ENABLE_DEBUG_INFO = INCLUDE_SOURCE;
				MTL_FAST_MATH = YES;
				ONLY_ACTIVE_ARCH = YES;
				SDKROOT = iphoneos;
				SWIFT_ACTIVE_COMPILATION_CONDITIONS = "DEBUG $(inherited)";
				SWIFT_OPTIMIZATION_LEVEL = "-Onone";
			};
			name = Debug;
		};
		EC3C064B2AC79F1B006651FE /* Release */ = {
			isa = XCBuildConfiguration;
			buildSettings = {
				ALWAYS_SEARCH_USER_PATHS = NO;
				ASSETCATALOG_COMPILER_GENERATE_SWIFT_ASSET_SYMBOL_EXTENSIONS = YES;
				CLANG_ANALYZER_NONNULL = YES;
				CLANG_ANALYZER_NUMBER_OBJECT_CONVERSION = YES_AGGRESSIVE;
				CLANG_CXX_LANGUAGE_STANDARD = "gnu++20";
				CLANG_ENABLE_MODULES = YES;
				CLANG_ENABLE_OBJC_ARC = YES;
				CLANG_ENABLE_OBJC_WEAK = YES;
				CLANG_WARN_BLOCK_CAPTURE_AUTORELEASING = YES;
				CLANG_WARN_BOOL_CONVERSION = YES;
				CLANG_WARN_COMMA = YES;
				CLANG_WARN_CONSTANT_CONVERSION = YES;
				CLANG_WARN_DEPRECATED_OBJC_IMPLEMENTATIONS = YES;
				CLANG_WARN_DIRECT_OBJC_ISA_USAGE = YES_ERROR;
				CLANG_WARN_DOCUMENTATION_COMMENTS = YES;
				CLANG_WARN_EMPTY_BODY = YES;
				CLANG_WARN_ENUM_CONVERSION = YES;
				CLANG_WARN_INFINITE_RECURSION = YES;
				CLANG_WARN_INT_CONVERSION = YES;
				CLANG_WARN_NON_LITERAL_NULL_CONVERSION = YES;
				CLANG_WARN_OBJC_IMPLICIT_RETAIN_SELF = YES;
				CLANG_WARN_OBJC_LITERAL_CONVERSION = YES;
				CLANG_WARN_OBJC_ROOT_CLASS = YES_ERROR;
				CLANG_WARN_QUOTED_INCLUDE_IN_FRAMEWORK_HEADER = YES;
				CLANG_WARN_RANGE_LOOP_ANALYSIS = YES;
				CLANG_WARN_STRICT_PROTOTYPES = YES;
				CLANG_WARN_SUSPICIOUS_MOVE = YES;
				CLANG_WARN_UNGUARDED_AVAILABILITY = YES_AGGRESSIVE;
				CLANG_WARN_UNREACHABLE_CODE = YES;
				CLANG_WARN__DUPLICATE_METHOD_MATCH = YES;
				COPY_PHASE_STRIP = NO;
				DEBUG_INFORMATION_FORMAT = "dwarf-with-dsym";
				ENABLE_NS_ASSERTIONS = NO;
				ENABLE_STRICT_OBJC_MSGSEND = YES;
				ENABLE_USER_SCRIPT_SANDBOXING = YES;
				GCC_C_LANGUAGE_STANDARD = gnu17;
				GCC_NO_COMMON_BLOCKS = YES;
				GCC_WARN_64_TO_32_BIT_CONVERSION = YES;
				GCC_WARN_ABOUT_RETURN_TYPE = YES_ERROR;
				GCC_WARN_UNDECLARED_SELECTOR = YES;
				GCC_WARN_UNINITIALIZED_AUTOS = YES_AGGRESSIVE;
				GCC_WARN_UNUSED_FUNCTION = YES;
				GCC_WARN_UNUSED_VARIABLE = YES;
				IPHONEOS_DEPLOYMENT_TARGET = 17.0;
				LOCALIZATION_PREFERS_STRING_CATALOGS = YES;
				MTL_ENABLE_DEBUG_INFO = NO;
				MTL_FAST_MATH = YES;
				SDKROOT = iphoneos;
				SWIFT_COMPILATION_MODE = wholemodule;
				VALIDATE_PRODUCT = YES;
			};
			name = Release;
		};
		EC3C064D2AC79F1B006651FE /* Debug */ = {
			isa = XCBuildConfiguration;
			buildSettings = {
				ASSETCATALOG_COMPILER_APPICON_NAME = AppIcon;
				ASSETCATALOG_COMPILER_GLOBAL_ACCENT_COLOR_NAME = AccentColor;
				CODE_SIGN_STYLE = Automatic;
				CURRENT_PROJECT_VERSION = 1;
				DEVELOPMENT_ASSET_PATHS = "\"BarcodeScanner/Preview Content\"";
				DEVELOPMENT_TEAM = HW5A3F2N44;
				ENABLE_PREVIEWS = YES;
				GENERATE_INFOPLIST_FILE = YES;
				INFOPLIST_KEY_NSCameraUsageDescription = "We need to use the camera scan barcodes.";
				INFOPLIST_KEY_UIApplicationSceneManifest_Generation = YES;
				INFOPLIST_KEY_UIApplicationSupportsIndirectInputEvents = YES;
				INFOPLIST_KEY_UILaunchScreen_Generation = YES;
				INFOPLIST_KEY_UISupportedInterfaceOrientations_iPad = "UIInterfaceOrientationPortrait UIInterfaceOrientationPortraitUpsideDown UIInterfaceOrientationLandscapeLeft UIInterfaceOrientationLandscapeRight";
				INFOPLIST_KEY_UISupportedInterfaceOrientations_iPhone = "UIInterfaceOrientationPortrait UIInterfaceOrientationLandscapeLeft UIInterfaceOrientationLandscapeRight";
				LD_RUNPATH_SEARCH_PATHS = (
					"$(inherited)",
					"@executable_path/Frameworks",
				);
				MARKETING_VERSION = 1.0;
				PRODUCT_BUNDLE_IDENTIFIER = edu.miami.jrh279.BarcodeScanner;
				PRODUCT_NAME = "$(TARGET_NAME)";
				SWIFT_EMIT_LOC_STRINGS = YES;
				SWIFT_VERSION = 5.0;
				TARGETED_DEVICE_FAMILY = "1,2";
			};
			name = Debug;
		};
		EC3C064E2AC79F1B006651FE /* Release */ = {
			isa = XCBuildConfiguration;
			buildSettings = {
				ASSETCATALOG_COMPILER_APPICON_NAME = AppIcon;
				ASSETCATALOG_COMPILER_GLOBAL_ACCENT_COLOR_NAME = AccentColor;
				CODE_SIGN_STYLE = Automatic;
				CURRENT_PROJECT_VERSION = 1;
				DEVELOPMENT_ASSET_PATHS = "\"BarcodeScanner/Preview Content\"";
				DEVELOPMENT_TEAM = HW5A3F2N44;
				ENABLE_PREVIEWS = YES;
				GENERATE_INFOPLIST_FILE = YES;
				INFOPLIST_KEY_NSCameraUsageDescription = "We need to use the camera scan barcodes.";
				INFOPLIST_KEY_UIApplicationSceneManifest_Generation = YES;
				INFOPLIST_KEY_UIApplicationSupportsIndirectInputEvents = YES;
				INFOPLIST_KEY_UILaunchScreen_Generation = YES;
				INFOPLIST_KEY_UISupportedInterfaceOrientations_iPad = "UIInterfaceOrientationPortrait UIInterfaceOrientationPortraitUpsideDown UIInterfaceOrientationLandscapeLeft UIInterfaceOrientationLandscapeRight";
				INFOPLIST_KEY_UISupportedInterfaceOrientations_iPhone = "UIInterfaceOrientationPortrait UIInterfaceOrientationLandscapeLeft UIInterfaceOrientationLandscapeRight";
				LD_RUNPATH_SEARCH_PATHS = (
					"$(inherited)",
					"@executable_path/Frameworks",
				);
				MARKETING_VERSION = 1.0;
				PRODUCT_BUNDLE_IDENTIFIER = edu.miami.jrh279.BarcodeScanner;
				PRODUCT_NAME = "$(TARGET_NAME)";
				SWIFT_EMIT_LOC_STRINGS = YES;
				SWIFT_VERSION = 5.0;
				TARGETED_DEVICE_FAMILY = "1,2";
			};
			name = Release;
		};
/* End XCBuildConfiguration section */

/* Begin XCConfigurationList section */
		EC3C06392AC79F15006651FE /* Build configuration list for PBXProject "BarcodeScanner" */ = {
			isa = XCConfigurationList;
			buildConfigurations = (
				EC3C064A2AC79F1B006651FE /* Debug */,
				EC3C064B2AC79F1B006651FE /* Release */,
			);
			defaultConfigurationIsVisible = 0;
			defaultConfigurationName = Release;
		};
		EC3C064C2AC79F1B006651FE /* Build configuration list for PBXNativeTarget "BarcodeScanner" */ = {
			isa = XCConfigurationList;
			buildConfigurations = (
				EC3C064D2AC79F1B006651FE /* Debug */,
				EC3C064E2AC79F1B006651FE /* Release */,
			);
			defaultConfigurationIsVisible = 0;
			defaultConfigurationName = Release;
		};
/* End XCConfigurationList section */
	};
	rootObject = EC3C06362AC79F15006651FE /* Project object */;
}
